
Microsoft Visual Studio Solution File, Format Version 12.00
# Visual Studio Version 17
VisualStudioVersion = 17.0.31903.59
MinimumVisualStudioVersion = 10.0.40219.1
Project("{FAE04EC0-301F-11D3-BF4B-00C04F79EFBC}") = "buttery", "buttery\buttery.csproj", "{391D2438-7D56-4290-BE7C-14798AFE4064}"
EndProject
Global
	GlobalSection(SolutionConfigurationPlatforms) = preSolution
		Debug|Any CPU = Debug|Any CPU
		Release|Any CPU = Release|Any CPU
	EndGlobalSection
	GlobalSection(ProjectConfigurationPlatforms) = postSolution
		{391D2438-7D56-4290-BE7C-14798AFE4064}.Debug|Any CPU.ActiveCfg = Debug|Any CPU
		{391D2438-7D56-4290-BE7C-14798AFE4064}.Debug|Any CPU.Build.0 = Debug|Any CPU
		{391D2438-7D56-4290-BE7C-14798AFE4064}.Release|Any CPU.ActiveCfg = Release|Any CPU
		{391D2438-7D56-4290-BE7C-14798AFE4064}.Release|Any CPU.Build.0 = Release|Any CPU
	EndGlobalSection
	GlobalSection(SolutionProperties) = preSolution
		HideSolutionNode = FALSE
	EndGlobalSection
	GlobalSection(ExtensibilityGlobals) = postSolution
		SolutionGuid = {BC1C7682-C013-422B-AA39-0FA589054A91}
	EndGlobalSection
EndGlobal
