
Microsoft Visual Studio Solution File, Format Version 12.00
# Visual Studio Version 17
VisualStudioVersion = 17.0.31903.59
MinimumVisualStudioVersion = 10.0.40219.1
Project("{FAE04EC0-301F-11D3-BF4B-00C04F79EFBC}") = "ThankYouAPP", "ThankYouAPP\ThankYouAPP.csproj", "{E399291B-EAFD-464C-B2BC-2128EB8D8439}"
EndProject
Global
	GlobalSection(SolutionConfigurationPlatforms) = preSolution
		Debug|Any CPU = Debug|Any CPU
		Release|Any CPU = Release|Any CPU
	EndGlobalSection
	GlobalSection(ProjectConfigurationPlatforms) = postSolution
		{E399291B-EAFD-464C-B2BC-2128EB8D8439}.Debug|Any CPU.ActiveCfg = Debug|Any CPU
		{E399291B-EAFD-464C-B2BC-2128EB8D8439}.Debug|Any CPU.Build.0 = Debug|Any CPU
		{E399291B-EAFD-464C-B2BC-2128EB8D8439}.Release|Any CPU.ActiveCfg = Release|Any CPU
		{E399291B-EAFD-464C-B2BC-2128EB8D8439}.Release|Any CPU.Build.0 = Release|Any CPU
	EndGlobalSection
	GlobalSection(SolutionProperties) = preSolution
		HideSolutionNode = FALSE
	EndGlobalSection
	GlobalSection(ExtensibilityGlobals) = postSolution
		SolutionGuid = {B30A36AB-D2CB-404D-A265-92FEF5D81DCF}
	EndGlobalSection
EndGlobal
