
Microsoft Visual Studio Solution File, Format Version 12.00
# Visual Studio Version 17
VisualStudioVersion = 17.0.31903.59
MinimumVisualStudioVersion = 10.0.40219.1
Project("{FAE04EC0-301F-11D3-BF4B-00C04F79EFBC}") = "WpfApp1", "WpfApp1\WpfApp1.csproj", "{A9F45127-8A6C-4820-83D7-F2BFCCAD4C1D}"
EndProject
Global
	GlobalSection(SolutionConfigurationPlatforms) = preSolution
		Debug|Any CPU = Debug|Any CPU
		Release|Any CPU = Release|Any CPU
	EndGlobalSection
	GlobalSection(ProjectConfigurationPlatforms) = postSolution
		{A9F45127-8A6C-4820-83D7-F2BFCCAD4C1D}.Debug|Any CPU.ActiveCfg = Debug|Any CPU
		{A9F45127-8A6C-4820-83D7-F2BFCCAD4C1D}.Debug|Any CPU.Build.0 = Debug|Any CPU
		{A9F45127-8A6C-4820-83D7-F2BFCCAD4C1D}.Release|Any CPU.ActiveCfg = Release|Any CPU
		{A9F45127-8A6C-4820-83D7-F2BFCCAD4C1D}.Release|Any CPU.Build.0 = Release|Any CPU
	EndGlobalSection
	GlobalSection(SolutionProperties) = preSolution
		HideSolutionNode = FALSE
	EndGlobalSection
	GlobalSection(ExtensibilityGlobals) = postSolution
		SolutionGuid = {B792948E-883E-4284-AD8A-971452C98F01}
	EndGlobalSection
EndGlobal
